// !$*UTF8*$!
{
	archiveVersion = 1;
	classes = {
	};
	objectVersion = 46;
	objects = {

/* Begin PBXBuildFile section */
		370D3401806306D24F9097C5 /* Pods_collect_cardView.framework in Frameworks */ = {isa = PBXBuildFile; fileRef = B3CF5BEBAC9592A2CEB34DD6 /* Pods_collect_cardView.framework */; };
		B79BCBEE1E4DDF08004A18B4 /* AppDelegate.swift in Sources */ = {isa = PBXBuildFile; fileRef = B79BCBED1E4DDF08004A18B4 /* AppDelegate.swift */; };
		B79BCBF31E4DDF08004A18B4 /* Main.storyboard in Resources */ = {isa = PBXBuildFile; fileRef = B79BCBF11E4DDF08004A18B4 /* Main.storyboard */; };
		B79BCBF81E4DDF08004A18B4 /* LaunchScreen.storyboard in Resources */ = {isa = PBXBuildFile; fileRef = B79BCBF61E4DDF08004A18B4 /* LaunchScreen.storyboard */; };
		B7B494D11E544B3500908D89 /* memoViewController.swift in Sources */ = {isa = PBXBuildFile; fileRef = B7B494D01E544B3500908D89 /* memoViewController.swift */; };
		B7B494D31E544B7A00908D89 /* linkViewController.swift in Sources */ = {isa = PBXBuildFile; fileRef = B7B494D21E544B7A00908D89 /* linkViewController.swift */; };
		B7B494D61E54505300908D89 /* data.swift in Sources */ = {isa = PBXBuildFile; fileRef = B7B494D51E54505300908D89 /* data.swift */; };
		B7B494D81E5584B100908D89 /* datasingle.swift in Sources */ = {isa = PBXBuildFile; fileRef = B7B494D71E5584B100908D89 /* datasingle.swift */; };
		B7BA378F1E50281E00C43ACE /* cardViewController.swift in Sources */ = {isa = PBXBuildFile; fileRef = B7BA378E1E50281E00C43ACE /* cardViewController.swift */; };
		B7BA37921E503D2000C43ACE /* listTableViewCell.swift in Sources */ = {isa = PBXBuildFile; fileRef = B7BA37901E503D2000C43ACE /* listTableViewCell.swift */; };
		B7BA37931E503D2000C43ACE /* listTableViewCell.xib in Resources */ = {isa = PBXBuildFile; fileRef = B7BA37911E503D2000C43ACE /* listTableViewCell.xib */; };
		B7BA37961E5040D200C43ACE /* cardlistTableViewCell.swift in Sources */ = {isa = PBXBuildFile; fileRef = B7BA37941E5040D200C43ACE /* cardlistTableViewCell.swift */; };
		B7BA37971E5040D200C43ACE /* cardlistTableViewCell.xib in Resources */ = {isa = PBXBuildFile; fileRef = B7BA37951E5040D200C43ACE /* cardlistTableViewCell.xib */; };
		B7BA379B1E5044D600C43ACE /* MainTableViewController.swift in Sources */ = {isa = PBXBuildFile; fileRef = B7BA379A1E5044D600C43ACE /* MainTableViewController.swift */; };
		B7BA37A01E5161DA00C43ACE /* AListTableViewCell.swift in Sources */ = {isa = PBXBuildFile; fileRef = B7BA379F1E5161DA00C43ACE /* AListTableViewCell.swift */; };
		B7BA37A21E51621A00C43ACE /* BListTableViewCell.swift in Sources */ = {isa = PBXBuildFile; fileRef = B7BA37A11E51621A00C43ACE /* BListTableViewCell.swift */; };
		B7BA37A41E5197F000C43ACE /* detailViewController.swift in Sources */ = {isa = PBXBuildFile; fileRef = B7BA37A31E5197F000C43ACE /* detailViewController.swift */; };
		B7BA37A61E52CEB400C43ACE /* Assets.xcassets in Resources */ = {isa = PBXBuildFile; fileRef = B7BA37A51E52CEB400C43ACE /* Assets.xcassets */; };
		B7BA37B01E531A3300C43ACE /* folderTableViewCell.swift in Sources */ = {isa = PBXBuildFile; fileRef = B7BA37AC1E531A3300C43ACE /* folderTableViewCell.swift */; };
		B7BA37B11E531A3300C43ACE /* FirstTableViewController.swift in Sources */ = {isa = PBXBuildFile; fileRef = B7BA37AD1E531A3300C43ACE /* FirstTableViewController.swift */; };
		B7BA37B21E531A3300C43ACE /* makefolderViewController.swift in Sources */ = {isa = PBXBuildFile; fileRef = B7BA37AE1E531A3300C43ACE /* makefolderViewController.swift */; };
/* End PBXBuildFile section */

/* Begin PBXFileReference section */
		2E73570F5BF969CCE9978302 /* Pods-collect_cardView.debug.xcconfig */ = {isa = PBXFileReference; includeInIndex = 1; lastKnownFileType = text.xcconfig; name = "Pods-collect_cardView.debug.xcconfig"; path = "Pods/Target Support Files/Pods-collect_cardView/Pods-collect_cardView.debug.xcconfig"; sourceTree = "<group>"; };
		B3CF5BEBAC9592A2CEB34DD6 /* Pods_collect_cardView.framework */ = {isa = PBXFileReference; explicitFileType = wrapper.framework; includeInIndex = 0; path = Pods_collect_cardView.framework; sourceTree = BUILT_PRODUCTS_DIR; };
		B79BCBEA1E4DDF08004A18B4 /* collect_cardView.app */ = {isa = PBXFileReference; explicitFileType = wrapper.application; includeInIndex = 0; path = collect_cardView.app; sourceTree = BUILT_PRODUCTS_DIR; };
		B79BCBED1E4DDF08004A18B4 /* AppDelegate.swift */ = {isa = PBXFileReference; lastKnownFileType = sourcecode.swift; path = AppDelegate.swift; sourceTree = "<group>"; };
		B79BCBEF1E4DDF08004A18B4 /* ViewController.swift */ = {isa = PBXFileReference; lastKnownFileType = sourcecode.swift; path = ViewController.swift; sourceTree = "<group>"; };
		B79BCBF21E4DDF08004A18B4 /* Base */ = {isa = PBXFileReference; lastKnownFileType = file.storyboard; name = Base; path = Base.lproj/Main.storyboard; sourceTree = "<group>"; };
		B79BCBF71E4DDF08004A18B4 /* Base */ = {isa = PBXFileReference; lastKnownFileType = file.storyboard; name = Base; path = Base.lproj/LaunchScreen.storyboard; sourceTree = "<group>"; };
		B79BCBF91E4DDF08004A18B4 /* Info.plist */ = {isa = PBXFileReference; lastKnownFileType = text.plist.xml; path = Info.plist; sourceTree = "<group>"; };
		B7B494B71E54491C00908D89 /* Gotham-Black.otf */ = {isa = PBXFileReference; lastKnownFileType = file; name = "Gotham-Black.otf"; path = "../../../../../Library/Fonts/Gotham-Black.otf"; sourceTree = "<group>"; };
		B7B494B81E54491C00908D89 /* Gotham-BlackItalic.otf */ = {isa = PBXFileReference; lastKnownFileType = file; name = "Gotham-BlackItalic.otf"; path = "../../../../../Library/Fonts/Gotham-BlackItalic.otf"; sourceTree = "<group>"; };
		B7B494B91E54491C00908D89 /* Gotham-Bold.otf */ = {isa = PBXFileReference; lastKnownFileType = file; name = "Gotham-Bold.otf"; path = "../../../../../Library/Fonts/Gotham-Bold.otf"; sourceTree = "<group>"; };
		B7B494BA1E54491C00908D89 /* Gotham-BoldItalic.otf */ = {isa = PBXFileReference; lastKnownFileType = file; name = "Gotham-BoldItalic.otf"; path = "../../../../../Library/Fonts/Gotham-BoldItalic.otf"; sourceTree = "<group>"; };
		B7B494BB1E54491C00908D89 /* Gotham-Book.otf */ = {isa = PBXFileReference; lastKnownFileType = file; name = "Gotham-Book.otf"; path = "../../../../../Library/Fonts/Gotham-Book.otf"; sourceTree = "<group>"; };
		B7B494BC1E54491C00908D89 /* Gotham-BookItalic.otf */ = {isa = PBXFileReference; lastKnownFileType = file; name = "Gotham-BookItalic.otf"; path = "../../../../../Library/Fonts/Gotham-BookItalic.otf"; sourceTree = "<group>"; };
		B7B494BD1E54491C00908D89 /* Gotham-Light.otf */ = {isa = PBXFileReference; lastKnownFileType = file; name = "Gotham-Light.otf"; path = "../../../../../Library/Fonts/Gotham-Light.otf"; sourceTree = "<group>"; };
		B7B494BE1E54491C00908D89 /* Gotham-LightItalic.otf */ = {isa = PBXFileReference; lastKnownFileType = file; name = "Gotham-LightItalic.otf"; path = "../../../../../Library/Fonts/Gotham-LightItalic.otf"; sourceTree = "<group>"; };
		B7B494BF1E54491C00908D89 /* Gotham-Medium.otf */ = {isa = PBXFileReference; lastKnownFileType = file; name = "Gotham-Medium.otf"; path = "../../../../../Library/Fonts/Gotham-Medium.otf"; sourceTree = "<group>"; };
		B7B494C01E54491C00908D89 /* Gotham-MediumItalic.otf */ = {isa = PBXFileReference; lastKnownFileType = file; name = "Gotham-MediumItalic.otf"; path = "../../../../../Library/Fonts/Gotham-MediumItalic.otf"; sourceTree = "<group>"; };
		B7B494C11E54491C00908D89 /* Gotham-Thin.otf */ = {isa = PBXFileReference; lastKnownFileType = file; name = "Gotham-Thin.otf"; path = "../../../../../Library/Fonts/Gotham-Thin.otf"; sourceTree = "<group>"; };
		B7B494C21E54491C00908D89 /* Gotham-ThinItalic.otf */ = {isa = PBXFileReference; lastKnownFileType = file; name = "Gotham-ThinItalic.otf"; path = "../../../../../Library/Fonts/Gotham-ThinItalic.otf"; sourceTree = "<group>"; };
		B7B494C31E54491C00908D89 /* Gotham-Ultra.otf */ = {isa = PBXFileReference; lastKnownFileType = file; name = "Gotham-Ultra.otf"; path = "../../../../../Library/Fonts/Gotham-Ultra.otf"; sourceTree = "<group>"; };
		B7B494C41E54491C00908D89 /* Gotham-UltraItalic.otf */ = {isa = PBXFileReference; lastKnownFileType = file; name = "Gotham-UltraItalic.otf"; path = "../../../../../Library/Fonts/Gotham-UltraItalic.otf"; sourceTree = "<group>"; };
		B7B494C51E54491C00908D89 /* Gotham-XLight.otf */ = {isa = PBXFileReference; lastKnownFileType = file; name = "Gotham-XLight.otf"; path = "../../../../../Library/Fonts/Gotham-XLight.otf"; sourceTree = "<group>"; };
		B7B494C61E54491C00908D89 /* Gotham-XLightItalic.otf */ = {isa = PBXFileReference; lastKnownFileType = file; name = "Gotham-XLightItalic.otf"; path = "../../../../../Library/Fonts/Gotham-XLightItalic.otf"; sourceTree = "<group>"; };
		B7B494C71E54491C00908D89 /* GothamRnd-Bold.otf */ = {isa = PBXFileReference; lastKnownFileType = file; name = "GothamRnd-Bold.otf"; path = "../../../../../Library/Fonts/GothamRnd-Bold.otf"; sourceTree = "<group>"; };
		B7B494C81E54491C00908D89 /* GothamRnd-BoldIta.otf */ = {isa = PBXFileReference; lastKnownFileType = file; name = "GothamRnd-BoldIta.otf"; path = "../../../../../Library/Fonts/GothamRnd-BoldIta.otf"; sourceTree = "<group>"; };
		B7B494C91E54491C00908D89 /* GothamRnd-Book.otf */ = {isa = PBXFileReference; lastKnownFileType = file; name = "GothamRnd-Book.otf"; path = "../../../../../Library/Fonts/GothamRnd-Book.otf"; sourceTree = "<group>"; };
		B7B494CA1E54491C00908D89 /* GothamRnd-BookIta.otf */ = {isa = PBXFileReference; lastKnownFileType = file; name = "GothamRnd-BookIta.otf"; path = "../../../../../Library/Fonts/GothamRnd-BookIta.otf"; sourceTree = "<group>"; };
		B7B494CB1E54491C00908D89 /* GothamRnd-Light.otf */ = {isa = PBXFileReference; lastKnownFileType = file; name = "GothamRnd-Light.otf"; path = "../../../../../Library/Fonts/GothamRnd-Light.otf"; sourceTree = "<group>"; };
		B7B494CC1E54491C00908D89 /* GothamRnd-LightIta.otf */ = {isa = PBXFileReference; lastKnownFileType = file; name = "GothamRnd-LightIta.otf"; path = "../../../../../Library/Fonts/GothamRnd-LightIta.otf"; sourceTree = "<group>"; };
		B7B494CD1E54491C00908D89 /* GothamRnd-MedIta.otf */ = {isa = PBXFileReference; lastKnownFileType = file; name = "GothamRnd-MedIta.otf"; path = "../../../../../Library/Fonts/GothamRnd-MedIta.otf"; sourceTree = "<group>"; };
		B7B494CE1E54491C00908D89 /* GothamRnd-Medium.otf */ = {isa = PBXFileReference; lastKnownFileType = file; name = "GothamRnd-Medium.otf"; path = "../../../../../Library/Fonts/GothamRnd-Medium.otf"; sourceTree = "<group>"; };
		B7B494D01E544B3500908D89 /* memoViewController.swift */ = {isa = PBXFileReference; fileEncoding = 4; lastKnownFileType = sourcecode.swift; path = memoViewController.swift; sourceTree = "<group>"; };
		B7B494D21E544B7A00908D89 /* linkViewController.swift */ = {isa = PBXFileReference; fileEncoding = 4; lastKnownFileType = sourcecode.swift; path = linkViewController.swift; sourceTree = "<group>"; };
		B7B494D51E54505300908D89 /* data.swift */ = {isa = PBXFileReference; fileEncoding = 4; lastKnownFileType = sourcecode.swift; path = data.swift; sourceTree = "<group>"; };
		B7B494D71E5584B100908D89 /* datasingle.swift */ = {isa = PBXFileReference; fileEncoding = 4; lastKnownFileType = sourcecode.swift; path = datasingle.swift; sourceTree = "<group>"; };
		B7BA378E1E50281E00C43ACE /* cardViewController.swift */ = {isa = PBXFileReference; fileEncoding = 4; lastKnownFileType = sourcecode.swift; path = cardViewController.swift; sourceTree = "<group>"; };
		B7BA37901E503D2000C43ACE /* listTableViewCell.swift */ = {isa = PBXFileReference; fileEncoding = 4; lastKnownFileType = sourcecode.swift; path = listTableViewCell.swift; sourceTree = "<group>"; };
		B7BA37911E503D2000C43ACE /* listTableViewCell.xib */ = {isa = PBXFileReference; fileEncoding = 4; lastKnownFileType = file.xib; path = listTableViewCell.xib; sourceTree = "<group>"; };
		B7BA37941E5040D200C43ACE /* cardlistTableViewCell.swift */ = {isa = PBXFileReference; fileEncoding = 4; lastKnownFileType = sourcecode.swift; path = cardlistTableViewCell.swift; sourceTree = "<group>"; };
		B7BA37951E5040D200C43ACE /* cardlistTableViewCell.xib */ = {isa = PBXFileReference; fileEncoding = 4; lastKnownFileType = file.xib; path = cardlistTableViewCell.xib; sourceTree = "<group>"; };
		B7BA379A1E5044D600C43ACE /* MainTableViewController.swift */ = {isa = PBXFileReference; fileEncoding = 4; lastKnownFileType = sourcecode.swift; path = MainTableViewController.swift; sourceTree = "<group>"; };
		B7BA379F1E5161DA00C43ACE /* AListTableViewCell.swift */ = {isa = PBXFileReference; fileEncoding = 4; lastKnownFileType = sourcecode.swift; path = AListTableViewCell.swift; sourceTree = "<group>"; };
		B7BA37A11E51621A00C43ACE /* BListTableViewCell.swift */ = {isa = PBXFileReference; fileEncoding = 4; lastKnownFileType = sourcecode.swift; path = BListTableViewCell.swift; sourceTree = "<group>"; };
		B7BA37A31E5197F000C43ACE /* detailViewController.swift */ = {isa = PBXFileReference; fileEncoding = 4; lastKnownFileType = sourcecode.swift; path = detailViewController.swift; sourceTree = "<group>"; };
		B7BA37A51E52CEB400C43ACE /* Assets.xcassets */ = {isa = PBXFileReference; lastKnownFileType = folder.assetcatalog; name = Assets.xcassets; path = ../../collector_project/Assets.xcassets; sourceTree = "<group>"; };
		B7BA37AC1E531A3300C43ACE /* folderTableViewCell.swift */ = {isa = PBXFileReference; fileEncoding = 4; lastKnownFileType = sourcecode.swift; name = folderTableViewCell.swift; path = ../../collector_project/folderTableViewCell.swift; sourceTree = "<group>"; };
		B7BA37AD1E531A3300C43ACE /* FirstTableViewController.swift */ = {isa = PBXFileReference; fileEncoding = 4; lastKnownFileType = sourcecode.swift; name = FirstTableViewController.swift; path = ../../collector_project/FirstTableViewController.swift; sourceTree = "<group>"; };
		B7BA37AE1E531A3300C43ACE /* makefolderViewController.swift */ = {isa = PBXFileReference; fileEncoding = 4; lastKnownFileType = sourcecode.swift; name = makefolderViewController.swift; path = ../../collector_project/makefolderViewController.swift; sourceTree = "<group>"; };
		FBB9E4AC99EB72C7E5FD849C /* Pods-collect_cardView.release.xcconfig */ = {isa = PBXFileReference; includeInIndex = 1; lastKnownFileType = text.xcconfig; name = "Pods-collect_cardView.release.xcconfig"; path = "Pods/Target Support Files/Pods-collect_cardView/Pods-collect_cardView.release.xcconfig"; sourceTree = "<group>"; };
/* End PBXFileReference section */

/* Begin PBXFrameworksBuildPhase section */
		B79BCBE71E4DDF08004A18B4 /* Frameworks */ = {
			isa = PBXFrameworksBuildPhase;
			buildActionMask = 2147483647;
			files = (
				370D3401806306D24F9097C5 /* Pods_collect_cardView.framework in Frameworks */,
			);
			runOnlyForDeploymentPostprocessing = 0;
		};
/* End PBXFrameworksBuildPhase section */

/* Begin PBXGroup section */
		1E0C132D5CF8260800128857 /* Pods */ = {
			isa = PBXGroup;
			children = (
				2E73570F5BF969CCE9978302 /* Pods-collect_cardView.debug.xcconfig */,
				FBB9E4AC99EB72C7E5FD849C /* Pods-collect_cardView.release.xcconfig */,
			);
			name = Pods;
			sourceTree = "<group>";
		};
		B787BDC11E56C7740086B9C4 /* data */ = {
			isa = PBXGroup;
			children = (
				B7B494D51E54505300908D89 /* data.swift */,
				B7B494D71E5584B100908D89 /* datasingle.swift */,
			);
			name = data;
			sourceTree = "<group>";
		};
		B79BCBE11E4DDF08004A18B4 = {
			isa = PBXGroup;
			children = (
				B79BCBEC1E4DDF08004A18B4 /* collect_cardView */,
				B79BCBEB1E4DDF08004A18B4 /* Products */,
				1E0C132D5CF8260800128857 /* Pods */,
				D1767142931FCCA516CF48A2 /* Frameworks */,
			);
			sourceTree = "<group>";
		};
		B79BCBEB1E4DDF08004A18B4 /* Products */ = {
			isa = PBXGroup;
			children = (
				B79BCBEA1E4DDF08004A18B4 /* collect_cardView.app */,
			);
			name = Products;
			sourceTree = "<group>";
		};
		B79BCBEC1E4DDF08004A18B4 /* collect_cardView */ = {
			isa = PBXGroup;
			children = (
				B7BA37A51E52CEB400C43ACE /* Assets.xcassets */,
				B79BCBF11E4DDF08004A18B4 /* Main.storyboard */,
				B787BDC11E56C7740086B9C4 /* data */,
				B79BCBED1E4DDF08004A18B4 /* AppDelegate.swift */,
				B79BCBEF1E4DDF08004A18B4 /* ViewController.swift */,
				B7BA37B51E53277000C43ACE /* #2 */,
				B7BA37B61E5327F400C43ACE /* #3 */,
				B7B494D41E544B8600908D89 /* wrtingView */,
				B79BCBF61E4DDF08004A18B4 /* LaunchScreen.storyboard */,
				B79BCBF91E4DDF08004A18B4 /* Info.plist */,
				B7B494CF1E54492300908D89 /* gotham_font */,
				B7BA379E1E515BDB00C43ACE /* customcell_pr */,
			);
			path = collect_cardView;
			sourceTree = "<group>";
		};
		B7B494CF1E54492300908D89 /* gotham_font */ = {
			isa = PBXGroup;
			children = (
				B7B494B71E54491C00908D89 /* Gotham-Black.otf */,
				B7B494B81E54491C00908D89 /* Gotham-BlackItalic.otf */,
				B7B494B91E54491C00908D89 /* Gotham-Bold.otf */,
				B7B494BA1E54491C00908D89 /* Gotham-BoldItalic.otf */,
				B7B494BB1E54491C00908D89 /* Gotham-Book.otf */,
				B7B494BC1E54491C00908D89 /* Gotham-BookItalic.otf */,
				B7B494BD1E54491C00908D89 /* Gotham-Light.otf */,
				B7B494BE1E54491C00908D89 /* Gotham-LightItalic.otf */,
				B7B494BF1E54491C00908D89 /* Gotham-Medium.otf */,
				B7B494C01E54491C00908D89 /* Gotham-MediumItalic.otf */,
				B7B494C11E54491C00908D89 /* Gotham-Thin.otf */,
				B7B494C21E54491C00908D89 /* Gotham-ThinItalic.otf */,
				B7B494C31E54491C00908D89 /* Gotham-Ultra.otf */,
				B7B494C41E54491C00908D89 /* Gotham-UltraItalic.otf */,
				B7B494C51E54491C00908D89 /* Gotham-XLight.otf */,
				B7B494C61E54491C00908D89 /* Gotham-XLightItalic.otf */,
				B7B494C71E54491C00908D89 /* GothamRnd-Bold.otf */,
				B7B494C81E54491C00908D89 /* GothamRnd-BoldIta.otf */,
				B7B494C91E54491C00908D89 /* GothamRnd-Book.otf */,
				B7B494CA1E54491C00908D89 /* GothamRnd-BookIta.otf */,
				B7B494CB1E54491C00908D89 /* GothamRnd-Light.otf */,
				B7B494CC1E54491C00908D89 /* GothamRnd-LightIta.otf */,
				B7B494CD1E54491C00908D89 /* GothamRnd-MedIta.otf */,
				B7B494CE1E54491C00908D89 /* GothamRnd-Medium.otf */,
			);
			name = gotham_font;
			sourceTree = "<group>";
		};
		B7B494D41E544B8600908D89 /* wrtingView */ = {
			isa = PBXGroup;
			children = (
				B7B494D21E544B7A00908D89 /* linkViewController.swift */,
				B7B494D01E544B3500908D89 /* memoViewController.swift */,
			);
			name = wrtingView;
			sourceTree = "<group>";
		};
		B7BA379E1E515BDB00C43ACE /* customcell_pr */ = {
			isa = PBXGroup;
			children = (
				B7BA379A1E5044D600C43ACE /* MainTableViewController.swift */,
				B7BA37901E503D2000C43ACE /* listTableViewCell.swift */,
				B7BA37911E503D2000C43ACE /* listTableViewCell.xib */,
				B7BA37941E5040D200C43ACE /* cardlistTableViewCell.swift */,
				B7BA37951E5040D200C43ACE /* cardlistTableViewCell.xib */,
			);
			name = customcell_pr;
			sourceTree = "<group>";
		};
		B7BA37B51E53277000C43ACE /* #2 */ = {
			isa = PBXGroup;
			children = (
				B7BA37AD1E531A3300C43ACE /* FirstTableViewController.swift */,
				B7BA37AE1E531A3300C43ACE /* makefolderViewController.swift */,
				B7BA37AC1E531A3300C43ACE /* folderTableViewCell.swift */,
			);
			name = "#2";
			sourceTree = "<group>";
		};
		B7BA37B61E5327F400C43ACE /* #3 */ = {
			isa = PBXGroup;
			children = (
				B7BA37A31E5197F000C43ACE /* detailViewController.swift */,
				B7BA378E1E50281E00C43ACE /* cardViewController.swift */,
				B7BA379F1E5161DA00C43ACE /* AListTableViewCell.swift */,
				B7BA37A11E51621A00C43ACE /* BListTableViewCell.swift */,
			);
			name = "#3";
			sourceTree = "<group>";
		};
		D1767142931FCCA516CF48A2 /* Frameworks */ = {
			isa = PBXGroup;
			children = (
				B3CF5BEBAC9592A2CEB34DD6 /* Pods_collect_cardView.framework */,
			);
			name = Frameworks;
			sourceTree = "<group>";
		};
/* End PBXGroup section */

/* Begin PBXNativeTarget section */
		B79BCBE91E4DDF08004A18B4 /* collect_cardView */ = {
			isa = PBXNativeTarget;
			buildConfigurationList = B79BCBFC1E4DDF08004A18B4 /* Build configuration list for PBXNativeTarget "collect_cardView" */;
			buildPhases = (
				9B91CCD56A156BD761A03BF6 /* [CP] Check Pods Manifest.lock */,
				B79BCBE61E4DDF08004A18B4 /* Sources */,
				B79BCBE71E4DDF08004A18B4 /* Frameworks */,
				B79BCBE81E4DDF08004A18B4 /* Resources */,
				8C9CCB642A07328E2702D3D3 /* [CP] Embed Pods Frameworks */,
				B0CA6D67F751F409F10CDEC9 /* [CP] Copy Pods Resources */,
			);
			buildRules = (
			);
			dependencies = (
			);
			name = collect_cardView;
			productName = collect_cardView;
			productReference = B79BCBEA1E4DDF08004A18B4 /* collect_cardView.app */;
			productType = "com.apple.product-type.application";
		};
/* End PBXNativeTarget section */

/* Begin PBXProject section */
		B79BCBE21E4DDF08004A18B4 /* Project object */ = {
			isa = PBXProject;
			attributes = {
				LastSwiftUpdateCheck = 0820;
				LastUpgradeCheck = 0820;
				ORGANIZATIONNAME = Danb;
				TargetAttributes = {
					B79BCBE91E4DDF08004A18B4 = {
						CreatedOnToolsVersion = 8.2.1;
						ProvisioningStyle = Automatic;
					};
				};
			};
			buildConfigurationList = B79BCBE51E4DDF08004A18B4 /* Build configuration list for PBXProject "collect_cardView" */;
			compatibilityVersion = "Xcode 3.2";
			developmentRegion = English;
			hasScannedForEncodings = 0;
			knownRegions = (
				en,
				Base,
			);
			mainGroup = B79BCBE11E4DDF08004A18B4;
			productRefGroup = B79BCBEB1E4DDF08004A18B4 /* Products */;
			projectDirPath = "";
			projectRoot = "";
			targets = (
				B79BCBE91E4DDF08004A18B4 /* collect_cardView */,
			);
		};
/* End PBXProject section */

/* Begin PBXResourcesBuildPhase section */
		B79BCBE81E4DDF08004A18B4 /* Resources */ = {
			isa = PBXResourcesBuildPhase;
			buildActionMask = 2147483647;
			files = (
				B79BCBF81E4DDF08004A18B4 /* LaunchScreen.storyboard in Resources */,
				B7BA37931E503D2000C43ACE /* listTableViewCell.xib in Resources */,
				B79BCBF31E4DDF08004A18B4 /* Main.storyboard in Resources */,
				B7BA37971E5040D200C43ACE /* cardlistTableViewCell.xib in Resources */,
				B7BA37A61E52CEB400C43ACE /* Assets.xcassets in Resources */,
			);
			runOnlyForDeploymentPostprocessing = 0;
		};
/* End PBXResourcesBuildPhase section */

/* Begin PBXShellScriptBuildPhase section */
		8C9CCB642A07328E2702D3D3 /* [CP] Embed Pods Frameworks */ = {
			isa = PBXShellScriptBuildPhase;
			buildActionMask = 2147483647;
			files = (
			);
			inputPaths = (
			);
			name = "[CP] Embed Pods Frameworks";
			outputPaths = (
			);
			runOnlyForDeploymentPostprocessing = 0;
			shellPath = /bin/sh;
			shellScript = "\"${SRCROOT}/Pods/Target Support Files/Pods-collect_cardView/Pods-collect_cardView-frameworks.sh\"\n";
			showEnvVarsInLog = 0;
		};
		9B91CCD56A156BD761A03BF6 /* [CP] Check Pods Manifest.lock */ = {
			isa = PBXShellScriptBuildPhase;
			buildActionMask = 2147483647;
			files = (
			);
			inputPaths = (
			);
			name = "[CP] Check Pods Manifest.lock";
			outputPaths = (
			);
			runOnlyForDeploymentPostprocessing = 0;
			shellPath = /bin/sh;
			shellScript = "diff \"${PODS_ROOT}/../Podfile.lock\" \"${PODS_ROOT}/Manifest.lock\" > /dev/null\nif [ $? != 0 ] ; then\n    # print error to STDERR\n    echo \"error: The sandbox is not in sync with the Podfile.lock. Run 'pod install' or update your CocoaPods installation.\" >&2\n    exit 1\nfi\n";
			showEnvVarsInLog = 0;
		};
		B0CA6D67F751F409F10CDEC9 /* [CP] Copy Pods Resources */ = {
			isa = PBXShellScriptBuildPhase;
			buildActionMask = 2147483647;
			files = (
			);
			inputPaths = (
			);
			name = "[CP] Copy Pods Resources";
			outputPaths = (
			);
			runOnlyForDeploymentPostprocessing = 0;
			shellPath = /bin/sh;
			shellScript = "\"${SRCROOT}/Pods/Target Support Files/Pods-collect_cardView/Pods-collect_cardView-resources.sh\"\n";
			showEnvVarsInLog = 0;
		};
/* End PBXShellScriptBuildPhase section */

/* Begin PBXSourcesBuildPhase section */
		B79BCBE61E4DDF08004A18B4 /* Sources */ = {
			isa = PBXSourcesBuildPhase;
			buildActionMask = 2147483647;
			files = (
				B7BA37B21E531A3300C43ACE /* makefolderViewController.swift in Sources */,
				B7BA37921E503D2000C43ACE /* listTableViewCell.swift in Sources */,
				B7BA37A41E5197F000C43ACE /* detailViewController.swift in Sources */,
				B7BA37A01E5161DA00C43ACE /* AListTableViewCell.swift in Sources */,
				B7B494D11E544B3500908D89 /* memoViewController.swift in Sources */,
				B7B494D61E54505300908D89 /* data.swift in Sources */,
				B7B494D31E544B7A00908D89 /* linkViewController.swift in Sources */,
				B7BA378F1E50281E00C43ACE /* cardViewController.swift in Sources */,
				B7BA37B11E531A3300C43ACE /* FirstTableViewController.swift in Sources */,
				B7BA37B01E531A3300C43ACE /* folderTableViewCell.swift in Sources */,
				B79BCBEE1E4DDF08004A18B4 /* AppDelegate.swift in Sources */,
				B7B494D81E5584B100908D89 /* datasingle.swift in Sources */,
				B7BA379B1E5044D600C43ACE /* MainTableViewController.swift in Sources */,
				B7BA37A21E51621A00C43ACE /* BListTableViewCell.swift in Sources */,
				B7BA37961E5040D200C43ACE /* cardlistTableViewCell.swift in Sources */,
			);
			runOnlyForDeploymentPostprocessing = 0;
		};
/* End PBXSourcesBuildPhase section */

/* Begin PBXVariantGroup section */
		B79BCBF11E4DDF08004A18B4 /* Main.storyboard */ = {
			isa = PBXVariantGroup;
			children = (
				B79BCBF21E4DDF08004A18B4 /* Base */,
			);
			name = Main.storyboard;
			sourceTree = "<group>";
		};
		B79BCBF61E4DDF08004A18B4 /* LaunchScreen.storyboard */ = {
			isa = PBXVariantGroup;
			children = (
				B79BCBF71E4DDF08004A18B4 /* Base */,
			);
			name = LaunchScreen.storyboard;
			sourceTree = "<group>";
		};
/* End PBXVariantGroup section */

/* Begin XCBuildConfiguration section */
		B79BCBFA1E4DDF08004A18B4 /* Debug */ = {
			isa = XCBuildConfiguration;
			buildSettings = {
				ALWAYS_SEARCH_USER_PATHS = NO;
				CLANG_ANALYZER_NONNULL = YES;
				CLANG_CXX_LANGUAGE_STANDARD = "gnu++0x";
				CLANG_CXX_LIBRARY = "libc++";
				CLANG_ENABLE_MODULES = YES;
				CLANG_ENABLE_OBJC_ARC = YES;
				CLANG_WARN_BOOL_CONVERSION = YES;
				CLANG_WARN_CONSTANT_CONVERSION = YES;
				CLANG_WARN_DIRECT_OBJC_ISA_USAGE = YES_ERROR;
				CLANG_WARN_DOCUMENTATION_COMMENTS = YES;
				CLANG_WARN_EMPTY_BODY = YES;
				CLANG_WARN_ENUM_CONVERSION = YES;
				CLANG_WARN_INFINITE_RECURSION = YES;
				CLANG_WARN_INT_CONVERSION = YES;
				CLANG_WARN_OBJC_ROOT_CLASS = YES_ERROR;
				CLANG_WARN_SUSPICIOUS_MOVE = YES;
				CLANG_WARN_UNREACHABLE_CODE = YES;
				CLANG_WARN__DUPLICATE_METHOD_MATCH = YES;
				"CODE_SIGN_IDENTITY[sdk=iphoneos*]" = "iPhone Developer";
				COPY_PHASE_STRIP = NO;
				DEBUG_INFORMATION_FORMAT = dwarf;
				ENABLE_STRICT_OBJC_MSGSEND = YES;
				ENABLE_TESTABILITY = YES;
				GCC_C_LANGUAGE_STANDARD = gnu99;
				GCC_DYNAMIC_NO_PIC = NO;
				GCC_NO_COMMON_BLOCKS = YES;
				GCC_OPTIMIZATION_LEVEL = 0;
				GCC_PREPROCESSOR_DEFINITIONS = (
					"DEBUG=1",
					"$(inherited)",
				);
				GCC_WARN_64_TO_32_BIT_CONVERSION = YES;
				GCC_WARN_ABOUT_RETURN_TYPE = YES_ERROR;
				GCC_WARN_UNDECLARED_SELECTOR = YES;
				GCC_WARN_UNINITIALIZED_AUTOS = YES_AGGRESSIVE;
				GCC_WARN_UNUSED_FUNCTION = YES;
				GCC_WARN_UNUSED_VARIABLE = YES;
				IPHONEOS_DEPLOYMENT_TARGET = 10.2;
				MTL_ENABLE_DEBUG_INFO = YES;
				ONLY_ACTIVE_ARCH = YES;
				SDKROOT = iphoneos;
				SWIFT_ACTIVE_COMPILATION_CONDITIONS = DEBUG;
				SWIFT_OPTIMIZATION_LEVEL = "-Onone";
			};
			name = Debug;
		};
		B79BCBFB1E4DDF08004A18B4 /* Release */ = {
			isa = XCBuildConfiguration;
			buildSettings = {
				ALWAYS_SEARCH_USER_PATHS = NO;
				CLANG_ANALYZER_NONNULL = YES;
				CLANG_CXX_LANGUAGE_STANDARD = "gnu++0x";
				CLANG_CXX_LIBRARY = "libc++";
				CLANG_ENABLE_MODULES = YES;
				CLANG_ENABLE_OBJC_ARC = YES;
				CLANG_WARN_BOOL_CONVERSION = YES;
				CLANG_WARN_CONSTANT_CONVERSION = YES;
				CLANG_WARN_DIRECT_OBJC_ISA_USAGE = YES_ERROR;
				CLANG_WARN_DOCUMENTATION_COMMENTS = YES;
				CLANG_WARN_EMPTY_BODY = YES;
				CLANG_WARN_ENUM_CONVERSION = YES;
				CLANG_WARN_INFINITE_RECURSION = YES;
				CLANG_WARN_INT_CONVERSION = YES;
				CLANG_WARN_OBJC_ROOT_CLASS = YES_ERROR;
				CLANG_WARN_SUSPICIOUS_MOVE = YES;
				CLANG_WARN_UNREACHABLE_CODE = YES;
				CLANG_WARN__DUPLICATE_METHOD_MATCH = YES;
				"CODE_SIGN_IDENTITY[sdk=iphoneos*]" = "iPhone Developer";
				COPY_PHASE_STRIP = NO;
				DEBUG_INFORMATION_FORMAT = "dwarf-with-dsym";
				ENABLE_NS_ASSERTIONS = NO;
				ENABLE_STRICT_OBJC_MSGSEND = YES;
				GCC_C_LANGUAGE_STANDARD = gnu99;
				GCC_NO_COMMON_BLOCKS = YES;
				GCC_WARN_64_TO_32_BIT_CONVERSION = YES;
				GCC_WARN_ABOUT_RETURN_TYPE = YES_ERROR;
				GCC_WARN_UNDECLARED_SELECTOR = YES;
				GCC_WARN_UNINITIALIZED_AUTOS = YES_AGGRESSIVE;
				GCC_WARN_UNUSED_FUNCTION = YES;
				GCC_WARN_UNUSED_VARIABLE = YES;
				IPHONEOS_DEPLOYMENT_TARGET = 10.2;
				MTL_ENABLE_DEBUG_INFO = NO;
				SDKROOT = iphoneos;
				SWIFT_OPTIMIZATION_LEVEL = "-Owholemodule";
				VALIDATE_PRODUCT = YES;
			};
			name = Release;
		};
		B79BCBFD1E4DDF08004A18B4 /* Debug */ = {
			isa = XCBuildConfiguration;
			baseConfigurationReference = 2E73570F5BF969CCE9978302 /* Pods-collect_cardView.debug.xcconfig */;
			buildSettings = {
				ASSETCATALOG_COMPILER_APPICON_NAME = AppIcon;
				DEVELOPMENT_TEAM = "";
				INFOPLIST_FILE = collect_cardView/Info.plist;
				LD_RUNPATH_SEARCH_PATHS = "$(inherited) @executable_path/Frameworks";
				PRODUCT_BUNDLE_IDENTIFIER = "db.collect-cardView";
				PRODUCT_NAME = "$(TARGET_NAME)";
				SWIFT_VERSION = 3.0;
			};
			name = Debug;
		};
		B79BCBFE1E4DDF08004A18B4 /* Release */ = {
			isa = XCBuildConfiguration;
			baseConfigurationReference = FBB9E4AC99EB72C7E5FD849C /* Pods-collect_cardView.release.xcconfig */;
			buildSettings = {
				ASSETCATALOG_COMPILER_APPICON_NAME = AppIcon;
				DEVELOPMENT_TEAM = "";
				INFOPLIST_FILE = collect_cardView/Info.plist;
				LD_RUNPATH_SEARCH_PATHS = "$(inherited) @executable_path/Frameworks";
				PRODUCT_BUNDLE_IDENTIFIER = "db.collect-cardView";
				PRODUCT_NAME = "$(TARGET_NAME)";
				SWIFT_VERSION = 3.0;
			};
			name = Release;
		};
/* End XCBuildConfiguration section */

/* Begin XCConfigurationList section */
		B79BCBE51E4DDF08004A18B4 /* Build configuration list for PBXProject "collect_cardView" */ = {
			isa = XCConfigurationList;
			buildConfigurations = (
				B79BCBFA1E4DDF08004A18B4 /* Debug */,
				B79BCBFB1E4DDF08004A18B4 /* Release */,
			);
			defaultConfigurationIsVisible = 0;
			defaultConfigurationName = Release;
		};
		B79BCBFC1E4DDF08004A18B4 /* Build configuration list for PBXNativeTarget "collect_cardView" */ = {
			isa = XCConfigurationList;
			buildConfigurations = (
				B79BCBFD1E4DDF08004A18B4 /* Debug */,
				B79BCBFE1E4DDF08004A18B4 /* Release */,
			);
			defaultConfigurationIsVisible = 0;
			defaultConfigurationName = Release;
		};
/* End XCConfigurationList section */
	};
	rootObject = B79BCBE21E4DDF08004A18B4 /* Project object */;
}
