// !$*UTF8*$!
{
	archiveVersion = 1;
	classes = {
	};
	objectVersion = 46;
	objects = {

/* Begin PBXBuildFile section */
		B723FEFC1E49758800BFAB8F /* AppDelegate.swift in Sources */ = {isa = PBXBuildFile; fileRef = B723FEFB1E49758800BFAB8F /* AppDelegate.swift */; };
		B723FEFE1E49758800BFAB8F /* ViewController.swift in Sources */ = {isa = PBXBuildFile; fileRef = B723FEFD1E49758800BFAB8F /* ViewController.swift */; };
		B723FF011E49758800BFAB8F /* Main.storyboard in Resources */ = {isa = PBXBuildFile; fileRef = B723FEFF1E49758800BFAB8F /* Main.storyboard */; };
		B723FF031E49758800BFAB8F /* Assets.xcassets in Resources */ = {isa = PBXBuildFile; fileRef = B723FF021E49758800BFAB8F /* Assets.xcassets */; };
		B723FF061E49758800BFAB8F /* LaunchScreen.storyboard in Resources */ = {isa = PBXBuildFile; fileRef = B723FF041E49758800BFAB8F /* LaunchScreen.storyboard */; };
		B723FF391E49EB0800BFAB8F /* folderTableViewController.swift in Sources */ = {isa = PBXBuildFile; fileRef = B723FF381E49EB0800BFAB8F /* folderTableViewController.swift */; };
		B723FF3B1E49F83400BFAB8F /* pickerViewController.swift in Sources */ = {isa = PBXBuildFile; fileRef = B723FF3A1E49F83400BFAB8F /* pickerViewController.swift */; };
		B7E0BB3E1E4AEEAA0087BDA2 /* design.jpg in Resources */ = {isa = PBXBuildFile; fileRef = B7E0BB3D1E4AEEAA0087BDA2 /* design.jpg */; };
		B7E0BB401E4AEED00087BDA2 /* travel.jpg in Resources */ = {isa = PBXBuildFile; fileRef = B7E0BB3F1E4AEED00087BDA2 /* travel.jpg */; };
		B7E0BB471E4AF0960087BDA2 /* imgTableViewCell.swift in Sources */ = {isa = PBXBuildFile; fileRef = B7E0BB461E4AF0960087BDA2 /* imgTableViewCell.swift */; };
		B7E0BB4D1E4B123D0087BDA2 /* makefolderViewController.swift in Sources */ = {isa = PBXBuildFile; fileRef = B7E0BB4C1E4B123D0087BDA2 /* makefolderViewController.swift */; };
		B7E0BB4F1E4B18780087BDA2 /* FirstTableViewController.swift in Sources */ = {isa = PBXBuildFile; fileRef = B7E0BB4E1E4B18780087BDA2 /* FirstTableViewController.swift */; };
		B7E0BB511E4C43660087BDA2 /* fall.jpg in Resources */ = {isa = PBXBuildFile; fileRef = B7E0BB501E4C43660087BDA2 /* fall.jpg */; };
		B7E0BB531E4C438B0087BDA2 /* road.jpg in Resources */ = {isa = PBXBuildFile; fileRef = B7E0BB521E4C438B0087BDA2 /* road.jpg */; };
		B7E0BB551E4C44280087BDA2 /* folderTableViewCell.swift in Sources */ = {isa = PBXBuildFile; fileRef = B7E0BB541E4C44280087BDA2 /* folderTableViewCell.swift */; };
/* End PBXBuildFile section */

/* Begin PBXFileReference section */
		B723FEF81E49758800BFAB8F /* collector_project.app */ = {isa = PBXFileReference; explicitFileType = wrapper.application; includeInIndex = 0; path = collector_project.app; sourceTree = BUILT_PRODUCTS_DIR; };
		B723FEFB1E49758800BFAB8F /* AppDelegate.swift */ = {isa = PBXFileReference; lastKnownFileType = sourcecode.swift; path = AppDelegate.swift; sourceTree = "<group>"; };
		B723FEFD1E49758800BFAB8F /* ViewController.swift */ = {isa = PBXFileReference; lastKnownFileType = sourcecode.swift; path = ViewController.swift; sourceTree = "<group>"; };
		B723FF001E49758800BFAB8F /* Base */ = {isa = PBXFileReference; lastKnownFileType = file.storyboard; name = Base; path = Base.lproj/Main.storyboard; sourceTree = "<group>"; };
		B723FF021E49758800BFAB8F /* Assets.xcassets */ = {isa = PBXFileReference; lastKnownFileType = folder.assetcatalog; path = Assets.xcassets; sourceTree = "<group>"; };
		B723FF051E49758800BFAB8F /* Base */ = {isa = PBXFileReference; lastKnownFileType = file.storyboard; name = Base; path = Base.lproj/LaunchScreen.storyboard; sourceTree = "<group>"; };
		B723FF071E49758800BFAB8F /* Info.plist */ = {isa = PBXFileReference; lastKnownFileType = text.plist.xml; path = Info.plist; sourceTree = "<group>"; };
		B723FF381E49EB0800BFAB8F /* folderTableViewController.swift */ = {isa = PBXFileReference; fileEncoding = 4; lastKnownFileType = sourcecode.swift; path = folderTableViewController.swift; sourceTree = "<group>"; };
		B723FF3A1E49F83400BFAB8F /* pickerViewController.swift */ = {isa = PBXFileReference; fileEncoding = 4; lastKnownFileType = sourcecode.swift; path = pickerViewController.swift; sourceTree = "<group>"; };
		B7E0BB3D1E4AEEAA0087BDA2 /* design.jpg */ = {isa = PBXFileReference; lastKnownFileType = image.jpeg; name = design.jpg; path = "../../../../Desktop/폴라/세부/design.jpg"; sourceTree = "<group>"; };
		B7E0BB3F1E4AEED00087BDA2 /* travel.jpg */ = {isa = PBXFileReference; lastKnownFileType = image.jpeg; name = travel.jpg; path = "../../../../Desktop/폴라/제주2/travel.jpg"; sourceTree = "<group>"; };
		B7E0BB461E4AF0960087BDA2 /* imgTableViewCell.swift */ = {isa = PBXFileReference; fileEncoding = 4; lastKnownFileType = sourcecode.swift; path = imgTableViewCell.swift; sourceTree = "<group>"; };
		B7E0BB4C1E4B123D0087BDA2 /* makefolderViewController.swift */ = {isa = PBXFileReference; fileEncoding = 4; lastKnownFileType = sourcecode.swift; path = makefolderViewController.swift; sourceTree = "<group>"; };
		B7E0BB4E1E4B18780087BDA2 /* FirstTableViewController.swift */ = {isa = PBXFileReference; fileEncoding = 4; lastKnownFileType = sourcecode.swift; path = FirstTableViewController.swift; sourceTree = "<group>"; };
		B7E0BB501E4C43660087BDA2 /* fall.jpg */ = {isa = PBXFileReference; lastKnownFileType = image.jpeg; name = fall.jpg; path = "../../../../Desktop/폴라/Brazil/fall.jpg"; sourceTree = "<group>"; };
		B7E0BB521E4C438B0087BDA2 /* road.jpg */ = {isa = PBXFileReference; lastKnownFileType = image.jpeg; name = road.jpg; path = "../../../../Desktop/폴라/페루/마추픽추/road.jpg"; sourceTree = "<group>"; };
		B7E0BB541E4C44280087BDA2 /* folderTableViewCell.swift */ = {isa = PBXFileReference; fileEncoding = 4; lastKnownFileType = sourcecode.swift; path = folderTableViewCell.swift; sourceTree = "<group>"; };
/* End PBXFileReference section */

/* Begin PBXFrameworksBuildPhase section */
		B723FEF51E49758800BFAB8F /* Frameworks */ = {
			isa = PBXFrameworksBuildPhase;
			buildActionMask = 2147483647;
			files = (
			);
			runOnlyForDeploymentPostprocessing = 0;
		};
/* End PBXFrameworksBuildPhase section */

/* Begin PBXGroup section */
		B723FEEF1E49758800BFAB8F = {
			isa = PBXGroup;
			children = (
				B723FEFA1E49758800BFAB8F /* collector_project */,
				B723FEF91E49758800BFAB8F /* Products */,
			);
			sourceTree = "<group>";
		};
		B723FEF91E49758800BFAB8F /* Products */ = {
			isa = PBXGroup;
			children = (
				B723FEF81E49758800BFAB8F /* collector_project.app */,
			);
			name = Products;
			sourceTree = "<group>";
		};
		B723FEFA1E49758800BFAB8F /* collector_project */ = {
			isa = PBXGroup;
			children = (
				B723FEFB1E49758800BFAB8F /* AppDelegate.swift */,
				B723FEFD1E49758800BFAB8F /* ViewController.swift */,
				B723FEFF1E49758800BFAB8F /* Main.storyboard */,
				B7E0BB4C1E4B123D0087BDA2 /* makefolderViewController.swift */,
				B7E0BB4E1E4B18780087BDA2 /* FirstTableViewController.swift */,
				B723FF381E49EB0800BFAB8F /* folderTableViewController.swift */,
				B7E0BB541E4C44280087BDA2 /* folderTableViewCell.swift */,
				B723FF3A1E49F83400BFAB8F /* pickerViewController.swift */,
				B7E0BB461E4AF0960087BDA2 /* imgTableViewCell.swift */,
				B723FF021E49758800BFAB8F /* Assets.xcassets */,
				B723FF041E49758800BFAB8F /* LaunchScreen.storyboard */,
				B7E0BB411E4AEED60087BDA2 /* bgIMG */,
				B723FF071E49758800BFAB8F /* Info.plist */,
			);
			path = collector_project;
			sourceTree = "<group>";
		};
		B7E0BB411E4AEED60087BDA2 /* bgIMG */ = {
			isa = PBXGroup;
			children = (
				B7E0BB521E4C438B0087BDA2 /* road.jpg */,
				B7E0BB501E4C43660087BDA2 /* fall.jpg */,
				B7E0BB3D1E4AEEAA0087BDA2 /* design.jpg */,
				B7E0BB3F1E4AEED00087BDA2 /* travel.jpg */,
			);
			name = bgIMG;
			sourceTree = "<group>";
		};
/* End PBXGroup section */

/* Begin PBXNativeTarget section */
		B723FEF71E49758800BFAB8F /* collector_project */ = {
			isa = PBXNativeTarget;
			buildConfigurationList = B723FF0A1E49758800BFAB8F /* Build configuration list for PBXNativeTarget "collector_project" */;
			buildPhases = (
				B723FEF41E49758800BFAB8F /* Sources */,
				B723FEF51E49758800BFAB8F /* Frameworks */,
				B723FEF61E49758800BFAB8F /* Resources */,
			);
			buildRules = (
			);
			dependencies = (
			);
			name = collector_project;
			productName = collector_project;
			productReference = B723FEF81E49758800BFAB8F /* collector_project.app */;
			productType = "com.apple.product-type.application";
		};
/* End PBXNativeTarget section */

/* Begin PBXProject section */
		B723FEF01E49758800BFAB8F /* Project object */ = {
			isa = PBXProject;
			attributes = {
				LastSwiftUpdateCheck = 0820;
				LastUpgradeCheck = 0820;
				ORGANIZATIONNAME = Danb;
				TargetAttributes = {
					B723FEF71E49758800BFAB8F = {
						CreatedOnToolsVersion = 8.2.1;
						ProvisioningStyle = Automatic;
					};
				};
			};
			buildConfigurationList = B723FEF31E49758800BFAB8F /* Build configuration list for PBXProject "collector_project" */;
			compatibilityVersion = "Xcode 3.2";
			developmentRegion = English;
			hasScannedForEncodings = 0;
			knownRegions = (
				en,
				Base,
			);
			mainGroup = B723FEEF1E49758800BFAB8F;
			productRefGroup = B723FEF91E49758800BFAB8F /* Products */;
			projectDirPath = "";
			projectRoot = "";
			targets = (
				B723FEF71E49758800BFAB8F /* collector_project */,
			);
		};
/* End PBXProject section */

/* Begin PBXResourcesBuildPhase section */
		B723FEF61E49758800BFAB8F /* Resources */ = {
			isa = PBXResourcesBuildPhase;
			buildActionMask = 2147483647;
			files = (
				B7E0BB3E1E4AEEAA0087BDA2 /* design.jpg in Resources */,
				B7E0BB401E4AEED00087BDA2 /* travel.jpg in Resources */,
				B723FF061E49758800BFAB8F /* LaunchScreen.storyboard in Resources */,
				B723FF031E49758800BFAB8F /* Assets.xcassets in Resources */,
				B7E0BB511E4C43660087BDA2 /* fall.jpg in Resources */,
				B723FF011E49758800BFAB8F /* Main.storyboard in Resources */,
				B7E0BB531E4C438B0087BDA2 /* road.jpg in Resources */,
			);
			runOnlyForDeploymentPostprocessing = 0;
		};
/* End PBXResourcesBuildPhase section */

/* Begin PBXSourcesBuildPhase section */
		B723FEF41E49758800BFAB8F /* Sources */ = {
			isa = PBXSourcesBuildPhase;
			buildActionMask = 2147483647;
			files = (
				B7E0BB4F1E4B18780087BDA2 /* FirstTableViewController.swift in Sources */,
				B723FEFE1E49758800BFAB8F /* ViewController.swift in Sources */,
				B723FF391E49EB0800BFAB8F /* folderTableViewController.swift in Sources */,
				B7E0BB551E4C44280087BDA2 /* folderTableViewCell.swift in Sources */,
				B7E0BB471E4AF0960087BDA2 /* imgTableViewCell.swift in Sources */,
				B723FF3B1E49F83400BFAB8F /* pickerViewController.swift in Sources */,
				B7E0BB4D1E4B123D0087BDA2 /* makefolderViewController.swift in Sources */,
				B723FEFC1E49758800BFAB8F /* AppDelegate.swift in Sources */,
			);
			runOnlyForDeploymentPostprocessing = 0;
		};
/* End PBXSourcesBuildPhase section */

/* Begin PBXVariantGroup section */
		B723FEFF1E49758800BFAB8F /* Main.storyboard */ = {
			isa = PBXVariantGroup;
			children = (
				B723FF001E49758800BFAB8F /* Base */,
			);
			name = Main.storyboard;
			sourceTree = "<group>";
		};
		B723FF041E49758800BFAB8F /* LaunchScreen.storyboard */ = {
			isa = PBXVariantGroup;
			children = (
				B723FF051E49758800BFAB8F /* Base */,
			);
			name = LaunchScreen.storyboard;
			sourceTree = "<group>";
		};
/* End PBXVariantGroup section */

/* Begin XCBuildConfiguration section */
		B723FF081E49758800BFAB8F /* Debug */ = {
			isa = XCBuildConfiguration;
			buildSettings = {
				ALWAYS_SEARCH_USER_PATHS = NO;
				CLANG_ANALYZER_NONNULL = YES;
				CLANG_CXX_LANGUAGE_STANDARD = "gnu++0x";
				CLANG_CXX_LIBRARY = "libc++";
				CLANG_ENABLE_MODULES = YES;
				CLANG_ENABLE_OBJC_ARC = YES;
				CLANG_WARN_BOOL_CONVERSION = YES;
				CLANG_WARN_CONSTANT_CONVERSION = YES;
				CLANG_WARN_DIRECT_OBJC_ISA_USAGE = YES_ERROR;
				CLANG_WARN_DOCUMENTATION_COMMENTS = YES;
				CLANG_WARN_EMPTY_BODY = YES;
				CLANG_WARN_ENUM_CONVERSION = YES;
				CLANG_WARN_INFINITE_RECURSION = YES;
				CLANG_WARN_INT_CONVERSION = YES;
				CLANG_WARN_OBJC_ROOT_CLASS = YES_ERROR;
				CLANG_WARN_SUSPICIOUS_MOVE = YES;
				CLANG_WARN_UNREACHABLE_CODE = YES;
				CLANG_WARN__DUPLICATE_METHOD_MATCH = YES;
				"CODE_SIGN_IDENTITY[sdk=iphoneos*]" = "iPhone Developer";
				COPY_PHASE_STRIP = NO;
				DEBUG_INFORMATION_FORMAT = dwarf;
				ENABLE_STRICT_OBJC_MSGSEND = YES;
				ENABLE_TESTABILITY = YES;
				GCC_C_LANGUAGE_STANDARD = gnu99;
				GCC_DYNAMIC_NO_PIC = NO;
				GCC_NO_COMMON_BLOCKS = YES;
				GCC_OPTIMIZATION_LEVEL = 0;
				GCC_PREPROCESSOR_DEFINITIONS = (
					"DEBUG=1",
					"$(inherited)",
				);
				GCC_WARN_64_TO_32_BIT_CONVERSION = YES;
				GCC_WARN_ABOUT_RETURN_TYPE = YES_ERROR;
				GCC_WARN_UNDECLARED_SELECTOR = YES;
				GCC_WARN_UNINITIALIZED_AUTOS = YES_AGGRESSIVE;
				GCC_WARN_UNUSED_FUNCTION = YES;
				GCC_WARN_UNUSED_VARIABLE = YES;
				IPHONEOS_DEPLOYMENT_TARGET = 10.2;
				MTL_ENABLE_DEBUG_INFO = YES;
				ONLY_ACTIVE_ARCH = YES;
				SDKROOT = iphoneos;
				SWIFT_ACTIVE_COMPILATION_CONDITIONS = DEBUG;
				SWIFT_OPTIMIZATION_LEVEL = "-Onone";
			};
			name = Debug;
		};
		B723FF091E49758800BFAB8F /* Release */ = {
			isa = XCBuildConfiguration;
			buildSettings = {
				ALWAYS_SEARCH_USER_PATHS = NO;
				CLANG_ANALYZER_NONNULL = YES;
				CLANG_CXX_LANGUAGE_STANDARD = "gnu++0x";
				CLANG_CXX_LIBRARY = "libc++";
				CLANG_ENABLE_MODULES = YES;
				CLANG_ENABLE_OBJC_ARC = YES;
				CLANG_WARN_BOOL_CONVERSION = YES;
				CLANG_WARN_CONSTANT_CONVERSION = YES;
				CLANG_WARN_DIRECT_OBJC_ISA_USAGE = YES_ERROR;
				CLANG_WARN_DOCUMENTATION_COMMENTS = YES;
				CLANG_WARN_EMPTY_BODY = YES;
				CLANG_WARN_ENUM_CONVERSION = YES;
				CLANG_WARN_INFINITE_RECURSION = YES;
				CLANG_WARN_INT_CONVERSION = YES;
				CLANG_WARN_OBJC_ROOT_CLASS = YES_ERROR;
				CLANG_WARN_SUSPICIOUS_MOVE = YES;
				CLANG_WARN_UNREACHABLE_CODE = YES;
				CLANG_WARN__DUPLICATE_METHOD_MATCH = YES;
				"CODE_SIGN_IDENTITY[sdk=iphoneos*]" = "iPhone Developer";
				COPY_PHASE_STRIP = NO;
				DEBUG_INFORMATION_FORMAT = "dwarf-with-dsym";
				ENABLE_NS_ASSERTIONS = NO;
				ENABLE_STRICT_OBJC_MSGSEND = YES;
				GCC_C_LANGUAGE_STANDARD = gnu99;
				GCC_NO_COMMON_BLOCKS = YES;
				GCC_WARN_64_TO_32_BIT_CONVERSION = YES;
				GCC_WARN_ABOUT_RETURN_TYPE = YES_ERROR;
				GCC_WARN_UNDECLARED_SELECTOR = YES;
				GCC_WARN_UNINITIALIZED_AUTOS = YES_AGGRESSIVE;
				GCC_WARN_UNUSED_FUNCTION = YES;
				GCC_WARN_UNUSED_VARIABLE = YES;
				IPHONEOS_DEPLOYMENT_TARGET = 10.2;
				MTL_ENABLE_DEBUG_INFO = NO;
				SDKROOT = iphoneos;
				SWIFT_OPTIMIZATION_LEVEL = "-Owholemodule";
				VALIDATE_PRODUCT = YES;
			};
			name = Release;
		};
		B723FF0B1E49758800BFAB8F /* Debug */ = {
			isa = XCBuildConfiguration;
			buildSettings = {
				ASSETCATALOG_COMPILER_APPICON_NAME = AppIcon;
				INFOPLIST_FILE = collector_project/Info.plist;
				LD_RUNPATH_SEARCH_PATHS = "$(inherited) @executable_path/Frameworks";
				PRODUCT_BUNDLE_IDENTIFIER = "db.collector-project";
				PRODUCT_NAME = "$(TARGET_NAME)";
				SWIFT_VERSION = 3.0;
			};
			name = Debug;
		};
		B723FF0C1E49758800BFAB8F /* Release */ = {
			isa = XCBuildConfiguration;
			buildSettings = {
				ASSETCATALOG_COMPILER_APPICON_NAME = AppIcon;
				INFOPLIST_FILE = collector_project/Info.plist;
				LD_RUNPATH_SEARCH_PATHS = "$(inherited) @executable_path/Frameworks";
				PRODUCT_BUNDLE_IDENTIFIER = "db.collector-project";
				PRODUCT_NAME = "$(TARGET_NAME)";
				SWIFT_VERSION = 3.0;
			};
			name = Release;
		};
/* End XCBuildConfiguration section */

/* Begin XCConfigurationList section */
		B723FEF31E49758800BFAB8F /* Build configuration list for PBXProject "collector_project" */ = {
			isa = XCConfigurationList;
			buildConfigurations = (
				B723FF081E49758800BFAB8F /* Debug */,
				B723FF091E49758800BFAB8F /* Release */,
			);
			defaultConfigurationIsVisible = 0;
			defaultConfigurationName = Release;
		};
		B723FF0A1E49758800BFAB8F /* Build configuration list for PBXNativeTarget "collector_project" */ = {
			isa = XCConfigurationList;
			buildConfigurations = (
				B723FF0B1E49758800BFAB8F /* Debug */,
				B723FF0C1E49758800BFAB8F /* Release */,
			);
			defaultConfigurationIsVisible = 0;
			defaultConfigurationName = Release;
		};
/* End XCConfigurationList section */
	};
	rootObject = B723FEF01E49758800BFAB8F /* Project object */;
}
